lockVersion: 2.0.0
id: db1bb4da-054f-485f-8c6e-d42db3f1da90
management:
  docChecksum: 8e0ff093baf67c9e2001a9f810f355de
  docVersion: 0.4.0
  speakeasyVersion: 1.470.1
  generationVersion: 2.493.34
  releaseVersion: 0.47.6
  configChecksum: e33657152519b98a43d4ee989637ec18
  repoURL: https://github.com/speakeasy-api/speakeasy-client-sdk-php.git
  repoSubDirectory: .
  installationURL: https://github.com/speakeasy-api/speakeasy-client-sdk-php
  published: true
features:
  php:
    core: 3.7.9
    deprecations: 2.81.1
    globalSecurity: 2.81.7
    globalServerURLs: 2.82.1
    globals: 2.82.2
    methodArguments: 0.1.0
    nameOverrides: 2.81.2
    nullables: 1.0.0
    responseFormat: 0.1.0
    retries: 0.1.0
    serverIDs: 2.81.1
generatedFiles:
  - .gitattributes
  - USAGE.md
  - composer.json
  - docs/Models/Errorors/Error.md
  - docs/Models/Operations/ActivateSubscriptionNamespaceRequest.md
  - docs/Models/Operations/ActivateSubscriptionNamespaceResponse.md
  - docs/Models/Operations/CheckGithubAccessRequest.md
  - docs/Models/Operations/CheckGithubAccessResponse.md
  - docs/Models/Operations/CreateFreeTrialResponse.md
  - docs/Models/Operations/CreateOrganizationResponse.md
  - docs/Models/Operations/CreateRemoteSourceResponse.md
  - docs/Models/Operations/CreateRequestBody.md
  - docs/Models/Operations/CreateResponse.md
  - docs/Models/Operations/CreateWorkspaceResponse.md
  - docs/Models/Operations/CreateWorkspaceTokenRequest.md
  - docs/Models/Operations/CreateWorkspaceTokenResponse.md
  - docs/Models/Operations/DeleteWorkspaceTokenRequest.md
  - docs/Models/Operations/DeleteWorkspaceTokenResponse.md
  - docs/Models/Operations/File.md
  - docs/Models/Operations/GenerateCodeSamplePreviewAsyncResponse.md
  - docs/Models/Operations/GenerateCodeSamplePreviewAsyncResponseBody.md
  - docs/Models/Operations/GenerateCodeSamplePreviewResponse.md
  - docs/Models/Operations/GetAccessTokenRequest.md
  - docs/Models/Operations/GetAccessTokenResponse.md
  - docs/Models/Operations/GetBlobRequest.md
  - docs/Models/Operations/GetBlobResponse.md
  - docs/Models/Operations/GetChangesReportSignedUrlRequest.md
  - docs/Models/Operations/GetChangesReportSignedUrlResponse.md
  - docs/Models/Operations/GetChangesReportSignedUrlSignedAccess.md
  - docs/Models/Operations/GetCodeSamplePreviewAsyncRequest.md
  - docs/Models/Operations/GetCodeSamplePreviewAsyncResponse.md
  - docs/Models/Operations/GetCodeSamplePreviewAsyncResponseBody.md
  - docs/Models/Operations/GetGitHubActionRequest.md
  - docs/Models/Operations/GetGitHubActionResponse.md
  - docs/Models/Operations/GetGithubSetupStateRequest.md
  - docs/Models/Operations/GetGithubSetupStateResponse.md
  - docs/Models/Operations/GetLintingReportSignedUrlRequest.md
  - docs/Models/Operations/GetLintingReportSignedUrlResponse.md
  - docs/Models/Operations/GetLintingReportSignedUrlSignedAccess.md
  - docs/Models/Operations/GetManifestRequest.md
  - docs/Models/Operations/GetManifestResponse.md
  - docs/Models/Operations/GetNamespacesResponse.md
  - docs/Models/Operations/GetOrganizationRequest.md
  - docs/Models/Operations/GetOrganizationResponse.md
  - docs/Models/Operations/GetOrganizationUsageResponse.md
  - docs/Models/Operations/GetOrganizationsResponse.md
  - docs/Models/Operations/GetRevisionsRequest.md
  - docs/Models/Operations/GetRevisionsResponse.md
  - docs/Models/Operations/GetTagsRequest.md
  - docs/Models/Operations/GetTagsResponse.md
  - docs/Models/Operations/GetUserResponse.md
  - docs/Models/Operations/GetWorkspaceAccessRequest.md
  - docs/Models/Operations/GetWorkspaceAccessResponse.md
  - docs/Models/Operations/GetWorkspaceByContextResponse.md
  - docs/Models/Operations/GetWorkspaceEventsByTargetRequest.md
  - docs/Models/Operations/GetWorkspaceEventsByTargetResponse.md
  - docs/Models/Operations/GetWorkspaceFeatureFlagsRequest.md
  - docs/Models/Operations/GetWorkspaceFeatureFlagsResponse.md
  - docs/Models/Operations/GetWorkspaceRequest.md
  - docs/Models/Operations/GetWorkspaceResponse.md
  - docs/Models/Operations/GetWorkspaceSettingsRequest.md
  - docs/Models/Operations/GetWorkspaceSettingsResponse.md
  - docs/Models/Operations/GetWorkspaceTargetsDeprecatedRequest.md
  - docs/Models/Operations/GetWorkspaceTargetsDeprecatedResponse.md
  - docs/Models/Operations/GetWorkspaceTargetsRequest.md
  - docs/Models/Operations/GetWorkspaceTargetsResponse.md
  - docs/Models/Operations/GetWorkspaceTeamRequest.md
  - docs/Models/Operations/GetWorkspaceTeamResponse.md
  - docs/Models/Operations/GetWorkspaceTokensRequest.md
  - docs/Models/Operations/GetWorkspaceTokensResponse.md
  - docs/Models/Operations/GetWorkspacesResponse.md
  - docs/Models/Operations/GithubCheckPublishingPRsRequest.md
  - docs/Models/Operations/GithubCheckPublishingPRsResponse.md
  - docs/Models/Operations/GithubCheckPublishingSecretsRequest.md
  - docs/Models/Operations/GithubCheckPublishingSecretsResponse.md
  - docs/Models/Operations/GithubConfigureCodeSamplesResponse.md
  - docs/Models/Operations/GithubConfigureMintlifyRepoResponse.md
  - docs/Models/Operations/GithubConfigureTargetResponse.md
  - docs/Models/Operations/GithubStorePublishingSecretsResponse.md
  - docs/Models/Operations/GithubTriggerActionResponse.md
  - docs/Models/Operations/GrantUserAccessToWorkspaceRequest.md
  - docs/Models/Operations/GrantUserAccessToWorkspaceResponse.md
  - docs/Models/Operations/IgnoreSubscriptionNamespaceRequest.md
  - docs/Models/Operations/IgnoreSubscriptionNamespaceResponse.md
  - docs/Models/Operations/LinkGithubAccessRequest.md
  - docs/Models/Operations/LinkGithubAccessResponse.md
  - docs/Models/Operations/ListRemoteSourcesRequest.md
  - docs/Models/Operations/ListRemoteSourcesResponse.md
  - docs/Models/Operations/PostTagsRequest.md
  - docs/Models/Operations/PostTagsResponse.md
  - docs/Models/Operations/PostWorkspaceEventsRequest.md
  - docs/Models/Operations/PostWorkspaceEventsResponse.md
  - docs/Models/Operations/PreflightResponse.md
  - docs/Models/Operations/RevokeUserAccessToWorkspaceRequest.md
  - docs/Models/Operations/RevokeUserAccessToWorkspaceResponse.md
  - docs/Models/Operations/Schema.md
  - docs/Models/Operations/SearchWorkspaceEventsRequest.md
  - docs/Models/Operations/SearchWorkspaceEventsResponse.md
  - docs/Models/Operations/SetVisibilityRequest.md
  - docs/Models/Operations/SetVisibilityRequestBody.md
  - docs/Models/Operations/SetVisibilityResponse.md
  - docs/Models/Operations/SetWorkspaceFeatureFlagsResponse.md
  - docs/Models/Operations/SuggestItemsResponse.md
  - docs/Models/Operations/SuggestOpenAPIRegistryRequest.md
  - docs/Models/Operations/SuggestOpenAPIRegistryResponse.md
  - docs/Models/Operations/SuggestOpenAPIRequest.md
  - docs/Models/Operations/SuggestOpenAPIRequestBody.md
  - docs/Models/Operations/SuggestOpenAPIResponse.md
  - docs/Models/Operations/SuggestRequest.md
  - docs/Models/Operations/SuggestResponse.md
  - docs/Models/Operations/UpdateWorkspaceDetailsRequest.md
  - docs/Models/Operations/UpdateWorkspaceDetailsResponse.md
  - docs/Models/Operations/UpdateWorkspaceSettingsRequest.md
  - docs/Models/Operations/UpdateWorkspaceSettingsResponse.md
  - docs/Models/Operations/UploadReportRequestBody.md
  - docs/Models/Operations/UploadReportResponse.md
  - docs/Models/Operations/UploadReportUploadedReport.md
  - docs/Models/Operations/ValidateApiKeyResponse.md
  - docs/Models/Shared/AccessDetails.md
  - docs/Models/Shared/AccessToken.md
  - docs/Models/Shared/AccessTokenUser.md
  - docs/Models/Shared/AccountType.md
  - docs/Models/Shared/Actions.md
  - docs/Models/Shared/AddTags.md
  - docs/Models/Shared/Annotations.md
  - docs/Models/Shared/ApiKeyDetails.md
  - docs/Models/Shared/Auth.md
  - docs/Models/Shared/Claims.md
  - docs/Models/Shared/CliEvent.md
  - docs/Models/Shared/CodeSampleSchemaInput.md
  - docs/Models/Shared/CodeSamplesJobStatus.md
  - docs/Models/Shared/CompositeSpecMetadata.md
  - docs/Models/Shared/Diagnostic.md
  - docs/Models/Shared/FeatureFlag.md
  - docs/Models/Shared/GenerateBumpType.md
  - docs/Models/Shared/GetNamespacesResponse.md
  - docs/Models/Shared/GetRevisionsResponse.md
  - docs/Models/Shared/GetTagsResponse.md
  - docs/Models/Shared/GithubConfigureCodeSamplesRequest.md
  - docs/Models/Shared/GithubConfigureCodeSamplesResponse.md
  - docs/Models/Shared/GithubConfigureMintlifyRepoRequest.md
  - docs/Models/Shared/GithubConfigureTargetRequest.md
  - docs/Models/Shared/GithubGetActionResponse.md
  - docs/Models/Shared/GithubMissingPublishingSecretsResponse.md
  - docs/Models/Shared/GithubPublishingPRResponse.md
  - docs/Models/Shared/GithubSetupStateResponse.md
  - docs/Models/Shared/GithubStorePublishingSecretsRequest.md
  - docs/Models/Shared/GithubTriggerActionRequest.md
  - docs/Models/Shared/InteractionType.md
  - docs/Models/Shared/Level.md
  - docs/Models/Shared/License.md
  - docs/Models/Shared/Manifest.md
  - docs/Models/Shared/NamespaceT.md
  - docs/Models/Shared/OASInfo.md
  - docs/Models/Shared/OASOperation.md
  - docs/Models/Shared/OASSummary.md
  - docs/Models/Shared/OpenapiDiffBumpType.md
  - docs/Models/Shared/Organization.md
  - docs/Models/Shared/OrganizationUsage.md
  - docs/Models/Shared/OrganizationUsageResponse.md
  - docs/Models/Shared/PreflightRequest.md
  - docs/Models/Shared/PreflightToken.md
  - docs/Models/Shared/PullRequestMetadata.md
  - docs/Models/Shared/Relationship.md
  - docs/Models/Shared/RemoteDocument.md
  - docs/Models/Shared/RemoteSource.md
  - docs/Models/Shared/RemoteSourceSubscriptionSettings.md
  - docs/Models/Shared/Report.md
  - docs/Models/Shared/Revision.md
  - docs/Models/Shared/RevisionContentsMetadata.md
  - docs/Models/Shared/RevisionContentsMetadataType.md
  - docs/Models/Shared/SSOMetadata.md
  - docs/Models/Shared/SchemaFile.md
  - docs/Models/Shared/Secrets.md
  - docs/Models/Shared/Security.md
  - docs/Models/Shared/ShortURL.md
  - docs/Models/Shared/SuggestItemsRequestBody.md
  - docs/Models/Shared/SuggestOptsOld.md
  - docs/Models/Shared/SuggestRequestBody.md
  - docs/Models/Shared/SuggestRequestBodySuggestionType.md
  - docs/Models/Shared/SuggestionType.md
  - docs/Models/Shared/Tag.md
  - docs/Models/Shared/TargetSDK.md
  - docs/Models/Shared/Type.md
  - docs/Models/Shared/User.md
  - docs/Models/Shared/V2Descriptor.md
  - docs/Models/Shared/WorkflowDocument.md
  - docs/Models/Shared/Workspace.md
  - docs/Models/Shared/WorkspaceAndOrganization.md
  - docs/Models/Shared/WorkspaceFeatureFlag.md
  - docs/Models/Shared/WorkspaceFeatureFlagRequest.md
  - docs/Models/Shared/WorkspaceFeatureFlagResponse.md
  - docs/Models/Shared/WorkspaceInviteResponse.md
  - docs/Models/Shared/WorkspaceSettings.md
  - docs/Models/Shared/WorkspaceTeamResponse.md
  - docs/Models/Shared/WorkspaceToken.md
  - docs/Models/Shared/Workspaces.md
  - docs/sdks/artifacts/README.md
  - docs/sdks/auth/README.md
  - docs/sdks/codesamples/README.md
  - docs/sdks/events/README.md
  - docs/sdks/github/README.md
  - docs/sdks/organizations/README.md
  - docs/sdks/reports/README.md
  - docs/sdks/sdk/README.md
  - docs/sdks/shorturls/README.md
  - docs/sdks/subscriptions/README.md
  - docs/sdks/suggest/README.md
  - docs/sdks/workspaces/README.md
  - phpstan.neon
  - phpunit.xml
  - pint.json
  - rector.php
  - src/Artifacts.php
  - src/Auth.php
  - src/CodeSamples.php
  - src/Events.php
  - src/Github.php
  - src/Hooks/AfterErrorContext.php
  - src/Hooks/AfterErrorHook.php
  - src/Hooks/AfterSuccessContext.php
  - src/Hooks/AfterSuccessHook.php
  - src/Hooks/BeforeRequestContext.php
  - src/Hooks/BeforeRequestHook.php
  - src/Hooks/Credentials.php
  - src/Hooks/ErrorResponseContext.php
  - src/Hooks/FailEarlyException.php
  - src/Hooks/HookContext.php
  - src/Hooks/Hooks.php
  - src/Hooks/SDKHooks.php
  - src/Hooks/SDKInitHook.php
  - src/Hooks/SDKRequestContext.php
  - src/Hooks/Session.php
  - src/Hooks/TokenResponse.php
  - src/Models/Errorors/Error.php
  - src/Models/Errorors/ErrorThrowable.php
  - src/Models/Errorors/SDKException.php
  - src/Models/Operations/ActivateSubscriptionNamespaceRequest.php
  - src/Models/Operations/ActivateSubscriptionNamespaceResponse.php
  - src/Models/Operations/CheckGithubAccessRequest.php
  - src/Models/Operations/CheckGithubAccessResponse.php
  - src/Models/Operations/CreateFreeTrialResponse.php
  - src/Models/Operations/CreateOrganizationResponse.php
  - src/Models/Operations/CreateRemoteSourceResponse.php
  - src/Models/Operations/CreateRequestBody.php
  - src/Models/Operations/CreateResponse.php
  - src/Models/Operations/CreateWorkspaceResponse.php
  - src/Models/Operations/CreateWorkspaceTokenRequest.php
  - src/Models/Operations/CreateWorkspaceTokenResponse.php
  - src/Models/Operations/DeleteWorkspaceTokenRequest.php
  - src/Models/Operations/DeleteWorkspaceTokenResponse.php
  - src/Models/Operations/File.php
  - src/Models/Operations/GenerateCodeSamplePreviewAsyncResponse.php
  - src/Models/Operations/GenerateCodeSamplePreviewAsyncResponseBody.php
  - src/Models/Operations/GenerateCodeSamplePreviewResponse.php
  - src/Models/Operations/GetAccessTokenRequest.php
  - src/Models/Operations/GetAccessTokenResponse.php
  - src/Models/Operations/GetBlobRequest.php
  - src/Models/Operations/GetBlobResponse.php
  - src/Models/Operations/GetChangesReportSignedUrlRequest.php
  - src/Models/Operations/GetChangesReportSignedUrlResponse.php
  - src/Models/Operations/GetChangesReportSignedUrlSignedAccess.php
  - src/Models/Operations/GetCodeSamplePreviewAsyncRequest.php
  - src/Models/Operations/GetCodeSamplePreviewAsyncResponse.php
  - src/Models/Operations/GetCodeSamplePreviewAsyncResponseBody.php
  - src/Models/Operations/GetGitHubActionRequest.php
  - src/Models/Operations/GetGitHubActionResponse.php
  - src/Models/Operations/GetGithubSetupStateRequest.php
  - src/Models/Operations/GetGithubSetupStateResponse.php
  - src/Models/Operations/GetLintingReportSignedUrlRequest.php
  - src/Models/Operations/GetLintingReportSignedUrlResponse.php
  - src/Models/Operations/GetLintingReportSignedUrlSignedAccess.php
  - src/Models/Operations/GetManifestRequest.php
  - src/Models/Operations/GetManifestResponse.php
  - src/Models/Operations/GetNamespacesResponse.php
  - src/Models/Operations/GetOrganizationRequest.php
  - src/Models/Operations/GetOrganizationResponse.php
  - src/Models/Operations/GetOrganizationUsageResponse.php
  - src/Models/Operations/GetOrganizationsResponse.php
  - src/Models/Operations/GetRevisionsRequest.php
  - src/Models/Operations/GetRevisionsResponse.php
  - src/Models/Operations/GetTagsRequest.php
  - src/Models/Operations/GetTagsResponse.php
  - src/Models/Operations/GetUserResponse.php
  - src/Models/Operations/GetWorkspaceAccessRequest.php
  - src/Models/Operations/GetWorkspaceAccessResponse.php
  - src/Models/Operations/GetWorkspaceByContextResponse.php
  - src/Models/Operations/GetWorkspaceEventsByTargetRequest.php
  - src/Models/Operations/GetWorkspaceEventsByTargetResponse.php
  - src/Models/Operations/GetWorkspaceFeatureFlagsRequest.php
  - src/Models/Operations/GetWorkspaceFeatureFlagsResponse.php
  - src/Models/Operations/GetWorkspaceRequest.php
  - src/Models/Operations/GetWorkspaceResponse.php
  - src/Models/Operations/GetWorkspaceSettingsRequest.php
  - src/Models/Operations/GetWorkspaceSettingsResponse.php
  - src/Models/Operations/GetWorkspaceTargetsDeprecatedRequest.php
  - src/Models/Operations/GetWorkspaceTargetsDeprecatedResponse.php
  - src/Models/Operations/GetWorkspaceTargetsRequest.php
  - src/Models/Operations/GetWorkspaceTargetsResponse.php
  - src/Models/Operations/GetWorkspaceTeamRequest.php
  - src/Models/Operations/GetWorkspaceTeamResponse.php
  - src/Models/Operations/GetWorkspaceTokensRequest.php
  - src/Models/Operations/GetWorkspaceTokensResponse.php
  - src/Models/Operations/GetWorkspacesResponse.php
  - src/Models/Operations/GithubCheckPublishingPRsRequest.php
  - src/Models/Operations/GithubCheckPublishingPRsResponse.php
  - src/Models/Operations/GithubCheckPublishingSecretsRequest.php
  - src/Models/Operations/GithubCheckPublishingSecretsResponse.php
  - src/Models/Operations/GithubConfigureCodeSamplesResponse.php
  - src/Models/Operations/GithubConfigureMintlifyRepoResponse.php
  - src/Models/Operations/GithubConfigureTargetResponse.php
  - src/Models/Operations/GithubStorePublishingSecretsResponse.php
  - src/Models/Operations/GithubTriggerActionResponse.php
  - src/Models/Operations/GrantUserAccessToWorkspaceRequest.php
  - src/Models/Operations/GrantUserAccessToWorkspaceResponse.php
  - src/Models/Operations/IgnoreSubscriptionNamespaceRequest.php
  - src/Models/Operations/IgnoreSubscriptionNamespaceResponse.php
  - src/Models/Operations/LinkGithubAccessRequest.php
  - src/Models/Operations/LinkGithubAccessResponse.php
  - src/Models/Operations/ListRemoteSourcesRequest.php
  - src/Models/Operations/ListRemoteSourcesResponse.php
  - src/Models/Operations/PostTagsRequest.php
  - src/Models/Operations/PostTagsResponse.php
  - src/Models/Operations/PostWorkspaceEventsRequest.php
  - src/Models/Operations/PostWorkspaceEventsResponse.php
  - src/Models/Operations/PreflightResponse.php
  - src/Models/Operations/RevokeUserAccessToWorkspaceRequest.php
  - src/Models/Operations/RevokeUserAccessToWorkspaceResponse.php
  - src/Models/Operations/Schema.php
  - src/Models/Operations/SearchWorkspaceEventsRequest.php
  - src/Models/Operations/SearchWorkspaceEventsResponse.php
  - src/Models/Operations/SetVisibilityRequest.php
  - src/Models/Operations/SetVisibilityRequestBody.php
  - src/Models/Operations/SetVisibilityResponse.php
  - src/Models/Operations/SetWorkspaceFeatureFlagsResponse.php
  - src/Models/Operations/SuggestItemsResponse.php
  - src/Models/Operations/SuggestOpenAPIRegistryRequest.php
  - src/Models/Operations/SuggestOpenAPIRegistryResponse.php
  - src/Models/Operations/SuggestOpenAPIRequest.php
  - src/Models/Operations/SuggestOpenAPIRequestBody.php
  - src/Models/Operations/SuggestOpenAPIResponse.php
  - src/Models/Operations/SuggestRequest.php
  - src/Models/Operations/SuggestResponse.php
  - src/Models/Operations/UpdateWorkspaceDetailsRequest.php
  - src/Models/Operations/UpdateWorkspaceDetailsResponse.php
  - src/Models/Operations/UpdateWorkspaceSettingsRequest.php
  - src/Models/Operations/UpdateWorkspaceSettingsResponse.php
  - src/Models/Operations/UploadReportRequestBody.php
  - src/Models/Operations/UploadReportResponse.php
  - src/Models/Operations/UploadReportUploadedReport.php
  - src/Models/Operations/ValidateApiKeyResponse.php
  - src/Models/Shared/AccessDetails.php
  - src/Models/Shared/AccessToken.php
  - src/Models/Shared/AccessTokenUser.php
  - src/Models/Shared/AccountType.php
  - src/Models/Shared/Actions.php
  - src/Models/Shared/AddTags.php
  - src/Models/Shared/Annotations.php
  - src/Models/Shared/ApiKeyDetails.php
  - src/Models/Shared/Auth.php
  - src/Models/Shared/Claims.php
  - src/Models/Shared/CliEvent.php
  - src/Models/Shared/CodeSampleSchemaInput.php
  - src/Models/Shared/CodeSamplesJobStatus.php
  - src/Models/Shared/CompositeSpecMetadata.php
  - src/Models/Shared/Diagnostic.php
  - src/Models/Shared/FeatureFlag.php
  - src/Models/Shared/GenerateBumpType.php
  - src/Models/Shared/GetNamespacesResponse.php
  - src/Models/Shared/GetRevisionsResponse.php
  - src/Models/Shared/GetTagsResponse.php
  - src/Models/Shared/GithubConfigureCodeSamplesRequest.php
  - src/Models/Shared/GithubConfigureCodeSamplesResponse.php
  - src/Models/Shared/GithubConfigureMintlifyRepoRequest.php
  - src/Models/Shared/GithubConfigureTargetRequest.php
  - src/Models/Shared/GithubGetActionResponse.php
  - src/Models/Shared/GithubMissingPublishingSecretsResponse.php
  - src/Models/Shared/GithubPublishingPRResponse.php
  - src/Models/Shared/GithubSetupStateResponse.php
  - src/Models/Shared/GithubStorePublishingSecretsRequest.php
  - src/Models/Shared/GithubTriggerActionRequest.php
  - src/Models/Shared/InteractionType.php
  - src/Models/Shared/Level.php
  - src/Models/Shared/License.php
  - src/Models/Shared/Manifest.php
  - src/Models/Shared/NamespaceT.php
  - src/Models/Shared/OASInfo.php
  - src/Models/Shared/OASOperation.php
  - src/Models/Shared/OASSummary.php
  - src/Models/Shared/OpenapiDiffBumpType.php
  - src/Models/Shared/Organization.php
  - src/Models/Shared/OrganizationUsage.php
  - src/Models/Shared/OrganizationUsageResponse.php
  - src/Models/Shared/PreflightRequest.php
  - src/Models/Shared/PreflightToken.php
  - src/Models/Shared/PullRequestMetadata.php
  - src/Models/Shared/Relationship.php
  - src/Models/Shared/RemoteDocument.php
  - src/Models/Shared/RemoteSource.php
  - src/Models/Shared/RemoteSourceSubscriptionSettings.php
  - src/Models/Shared/Report.php
  - src/Models/Shared/Revision.php
  - src/Models/Shared/RevisionContentsMetadata.php
  - src/Models/Shared/RevisionContentsMetadataType.php
  - src/Models/Shared/SSOMetadata.php
  - src/Models/Shared/SchemaFile.php
  - src/Models/Shared/Secrets.php
  - src/Models/Shared/Security.php
  - src/Models/Shared/ShortURL.php
  - src/Models/Shared/SuggestItemsRequestBody.php
  - src/Models/Shared/SuggestOptsOld.php
  - src/Models/Shared/SuggestRequestBody.php
  - src/Models/Shared/SuggestRequestBodySuggestionType.php
  - src/Models/Shared/SuggestionType.php
  - src/Models/Shared/Tag.php
  - src/Models/Shared/TargetSDK.php
  - src/Models/Shared/Type.php
  - src/Models/Shared/User.php
  - src/Models/Shared/V2Descriptor.php
  - src/Models/Shared/WorkflowDocument.php
  - src/Models/Shared/Workspace.php
  - src/Models/Shared/WorkspaceAndOrganization.php
  - src/Models/Shared/WorkspaceFeatureFlag.php
  - src/Models/Shared/WorkspaceFeatureFlagRequest.php
  - src/Models/Shared/WorkspaceFeatureFlagResponse.php
  - src/Models/Shared/WorkspaceInviteResponse.php
  - src/Models/Shared/WorkspaceSettings.php
  - src/Models/Shared/WorkspaceTeamResponse.php
  - src/Models/Shared/WorkspaceToken.php
  - src/Models/Shared/Workspaces.php
  - src/Organizations.php
  - src/Reports.php
  - src/SDK.php
  - src/SDKBuilder.php
  - src/SDKConfiguration.php
  - src/ShortURLs.php
  - src/Subscriptions.php
  - src/Suggest.php
  - src/Utils/BigDecimalHandler.php
  - src/Utils/BigIntHandler.php
  - src/Utils/DateHandler.php
  - src/Utils/DateTimeHandler.php
  - src/Utils/DefaultRequest.php
  - src/Utils/DefaultResponse.php
  - src/Utils/DefaultStream.php
  - src/Utils/DefaultUri.php
  - src/Utils/EnumHandler.php
  - src/Utils/FormMetadata.php
  - src/Utils/Headers.php
  - src/Utils/JSON.php
  - src/Utils/MixedJSONHandler.php
  - src/Utils/MultipartMetadata.php
  - src/Utils/Options.php
  - src/Utils/ParamsMetadata.php
  - src/Utils/PathParameters.php
  - src/Utils/PhpDocTypeParser.php
  - src/Utils/QueryParameters.php
  - src/Utils/RequestBodies.php
  - src/Utils/RequestMetadata.php
  - src/Utils/Retry/PermanentError.php
  - src/Utils/Retry/RetryConfig.php
  - src/Utils/Retry/RetryConfigBackoff.php
  - src/Utils/Retry/RetryConfigNone.php
  - src/Utils/Retry/RetryStrategy.php
  - src/Utils/Retry/RetryUtils.php
  - src/Utils/Retry/TemporaryError.php
  - src/Utils/Security.php
  - src/Utils/SecurityClient.php
  - src/Utils/SecurityMetadata.php
  - src/Utils/ServerDetails.php
  - src/Utils/SpeakeasyMetadata.php
  - src/Utils/UnionHandler.php
  - src/Utils/Utils.php
  - src/Workspaces.php
examples:
  createRemoteSource:
    speakeasy-default-create-remote-source:
      responses:
        4XX:
          application/json: {"message": "<value>", "status_code": 580557}
  getBlob:
    speakeasy-default-get-blob:
      parameters:
        path:
          organization_slug: "<value>"
          workspace_slug: "<value>"
          namespace_name: "<value>"
          digest: "<value>"
      responses:
        2XX:
          application/octet-stream: "0x21CA56a82d"
        4XX:
          application/json: {"message": "<value>", "status_code": 940661}
  getManifest:
    speakeasy-default-get-manifest:
      parameters:
        path:
          organization_slug: "<value>"
          workspace_slug: "<value>"
          namespace_name: "<value>"
          revision_reference: "<value>"
      responses:
        2XX:
          application/vnd.oci.image.manifest.v1+json: {"layers": [{"digest": "sha256:5d20c808ce198565ff70b3ed23a991dd49afac45dece63474b27ce6ed036adc6", "mediaType": "application/vnd.docker.image.rootfs.diff.tar.gzip", "size": 2107098}], "mediaType": "application/vnd.docker.distribution.manifest.v2+json", "schemaVersion": 2}
        4XX:
          application/json: {"message": "<value>", "status_code": 707258}
  getNamespaces:
    speakeasy-default-get-namespaces:
      responses:
        2XX:
          application/json: {"items": [{"created_at": "2025-01-19T10:11:46.428Z", "id": "<id>", "name": "<value>", "updated_at": "2023-01-07T04:43:36.873Z"}, {"created_at": "2024-07-05T07:26:30.970Z", "id": "<id>", "name": "<value>", "updated_at": "2025-01-30T11:34:19.590Z"}, {"created_at": "2023-08-10T13:43:30.983Z", "id": "<id>", "name": "<value>", "updated_at": "2023-07-15T08:41:36.371Z"}]}
        4XX:
          application/json: {"message": "<value>", "status_code": 305198}
  getRevisions:
    speakeasy-default-get-revisions:
      parameters:
        path:
          namespace_name: "<value>"
        query: {}
      responses:
        2XX:
          application/json: {"items": [{"created_at": "2025-09-16T19:17:04.361Z", "digest": "sha256:6d1ef012b5674ad8a127ecfa9b5e6f5178d171b90ee462846974177fd9bdd39f", "id": "<id>", "namespace_name": "<value>", "tags": ["<value>"], "updated_at": "2024-12-05T05:58:38.953Z"}], "next_page_token": "<value>"}
        4XX:
          application/json: {"message": "<value>", "status_code": 414389}
  getTags:
    speakeasy-default-get-tags:
      parameters:
        path:
          namespace_name: "<value>"
      responses:
        2XX:
          application/json: {"items": []}
        4XX:
          application/json: {"message": "<value>", "status_code": 50428}
  listRemoteSources:
    speakeasy-default-list-remote-sources:
      parameters:
        query:
          namespace_name: "<value>"
      responses:
        2XX:
          application/json: {"inputs": [{"registry_url": "https://well-lit-cap.net"}, {"registry_url": "https://vibrant-labourer.net"}], "output": {"registry_url": "https://unfit-minor.biz"}}
        4XX:
          application/json: {"message": "<value>", "status_code": 754391}
  postTags:
    speakeasy-default-post-tags:
      parameters:
        path:
          namespace_name: "<value>"
      responses:
        4XX:
          application/json: {"message": "<value>", "status_code": 581484}
  preflight:
    speakeasy-default-preflight:
      responses:
        2XX:
          application/json: {}
        4XX:
          application/json: {"message": "<value>", "status_code": 820828}
  setVisibility:
    speakeasy-default-set-visibility:
      parameters:
        path:
          namespace_name: "<value>"
      responses:
        4XX:
          application/json: {"message": "<value>", "status_code": 651364}
  getWorkspaceAccess:
    speakeasy-default-get-workspace-access:
      responses:
        2XX:
          application/json: {"generation_allowed": true, "message": "<value>"}
  getAccessToken:
    speakeasy-default-get-access-token:
      parameters:
        query:
          workspace_id: "<id>"
      responses:
        2XX:
          application/json: {"access_token": "<value>", "claims": {}, "user": {}}
        4XX:
          application/json: {"message": "<value>", "status_code": 299050}
  getUser:
    speakeasy-default-get-user:
      responses:
        2XX:
          application/json: {"admin": false, "confirmed": true, "created_at": "2025-09-05T08:59:40.988Z", "display_name": "Tianna_Prohaska", "email": "Morton82@gmail.com", "email_verified": false, "id": "<id>", "updated_at": "2023-08-28T03:26:52.335Z", "whitelisted": true}
        4XX:
          application/json: {"message": "<value>", "status_code": 237845}
  validateApiKey:
    speakeasy-default-validate-api-key:
      responses:
        2XX:
          application/json: {"account_type_v2": "enterprise", "enabled_features": ["<value>", "<value>", "<value>"], "org_slug": "<value>", "telemetry_disabled": true, "workspace_created_at": "2024-02-05T22:57:49.657Z", "workspace_id": "<id>", "workspace_slug": "<value>"}
        4XX:
          application/json: {"message": "<value>", "status_code": 150892}
  generateCodeSamplePreview:
    speakeasy-default-generate-code-sample-preview:
      requestBody:
        multipart/form-data: {"languages": ["<value>", "<value>"], "schema_file": {"": "example.file"}}
      responses:
        "200":
          application/json: "0x28e0E3f5d1"
          application/x-yaml: "0xfA011e0be4"
        4XX:
          application/json: {"message": "<value>", "status_code": 396101}
        5XX:
          application/json: {"message": "<value>", "status_code": 950459}
  generateCodeSamplePreviewAsync:
    speakeasy-default-generate-code-sample-preview-async:
      requestBody:
        multipart/form-data: {"languages": ["<value>", "<value>", "<value>"], "schema_file": {"": "example.file"}}
      responses:
        "202":
          application/json: {"job_id": "<id>", "status": "pending"}
        4XX:
          application/json: {"message": "<value>", "status_code": 394086}
        5XX:
          application/json: {"message": "<value>", "status_code": 828814}
  getCodeSamplePreviewAsync:
    speakeasy-default-get-code-sample-preview-async:
      parameters:
        path:
          jobID: "<id>"
      responses:
        "200":
          application/json: "0x2090d4E1A7"
          application/x-yaml: "0x14456CbEbA"
        "202":
          application/json: {"status": "running"}
        4XX:
          application/json: {"message": "<value>", "status_code": 462062}
        5XX:
          application/json: {"message": "<value>", "status_code": 388593}
  checkGithubAccess:
    speakeasy-default-check-github-access:
      parameters:
        query:
          org: "<value>"
          repo: "<value>"
      responses:
        4XX:
          application/json: {"message": "<value>", "status_code": 74604}
  githubCheckPublishingPRs:
    speakeasy-default-github-check-publishing-P-rs:
      parameters:
        query:
          generate_gen_lock_id: "<id>"
          org: "<value>"
          repo: "<value>"
      responses:
        2XX:
          application/json: {}
        4XX:
          application/json: {"message": "<value>", "status_code": 670562}
  githubCheckPublishingSecrets:
    speakeasy-default-github-check-publishing-secrets:
      parameters:
        query:
          generate_gen_lock_id: "<id>"
      responses:
        2XX:
          application/json: {}
        4XX:
          application/json: {"message": "<value>", "status_code": 749379}
  githubConfigureCodeSamples:
    speakeasy-default-github-configure-code-samples:
      requestBody:
        application/json: {"org": "<value>", "repo": "<value>", "targetName": "<value>"}
      responses:
        2XX:
          application/json: {"codeSampleOverlayRegistryURL": "https://giving-handover.net", "source": {"location": "<value>"}}
        4XX:
          application/json: {"message": "<value>", "status_code": 628169}
  githubConfigureMintlifyRepo:
    speakeasy-default-github-configure-mintlify-repo:
      requestBody:
        application/json: {"input": "<value>", "org": "<value>", "overlays": ["<value>"], "repo": "<value>"}
      responses:
        4XX:
          application/json: {"message": "<value>", "status_code": 529873}
  githubConfigureTarget:
    speakeasy-default-github-configure-target:
      requestBody:
        application/json: {"org": "<value>", "repo_name": "<value>"}
      responses:
        4XX:
          application/json: {"message": "<value>", "status_code": 210299}
  getGitHubAction:
    speakeasy-default-get-git-hub-action:
      parameters:
        query:
          org: "<value>"
          repo: "<value>"
      responses:
        2XX:
          application/json: {}
        4XX:
          application/json: {"message": "<value>", "status_code": 252330}
  getGithubSetupState:
    speakeasy-default-get-github-setup-state:
      parameters:
        query:
          org: "<value>"
          repo: "<value>"
          generate_gen_lock_id: "<id>"
      responses:
        2XX:
          application/json: {"actions": {"generation_action_configured": false, "publish_action_configured": false}, "app_installed": false, "secrets": {"api_key_configured": true, "publishing_secrets_configured": true}}
        4XX:
          application/json: {"message": "<value>", "status_code": 743106}
  linkGithubAccess:
    speakeasy-default-link-github-access:
      responses:
        4XX:
          application/json: {"message": "<value>", "status_code": 774553}
  githubStorePublishingSecrets:
    speakeasy-default-github-store-publishing-secrets:
      requestBody:
        application/json: {"generate_gen_lock_id": "<id>"}
      responses:
        4XX:
          application/json: {"message": "<value>", "status_code": 444361}
  githubTriggerAction:
    speakeasy-default-github-trigger-action:
      requestBody:
        application/json: {"gen_lock_id": "<id>", "org": "<value>", "repo_name": "<value>"}
      responses:
        4XX:
          application/json: {"message": "<value>", "status_code": 689611}
  createOrganization:
    speakeasy-default-create-organization:
      requestBody:
        application/json: {"account_type": "scale-up", "created_at": "2024-11-30T17:06:07.804Z", "id": "<id>", "name": "<value>", "slug": "<value>", "sso_activated": true, "telemetry_disabled": true, "updated_at": "2023-03-17T15:39:20.911Z"}
      responses:
        2XX:
          application/json: {"account_type": "enterprise", "created_at": "2025-11-08T08:43:39.394Z", "id": "<id>", "name": "<value>", "slug": "<value>", "sso_activated": true, "telemetry_disabled": true, "updated_at": "2023-04-09T14:25:29.356Z"}
        4XX:
          application/json: {"message": "<value>", "status_code": 792620}
  createFreeTrial:
    speakeasy-default-create-free-trial:
      responses:
        4XX:
          application/json: {"message": "<value>", "status_code": 728627}
  getOrganization:
    speakeasy-default-get-organization:
      parameters:
        path:
          organizationID: "<id>"
      responses:
        2XX:
          application/json: {"account_type": "business", "created_at": "2024-09-04T11:33:52.011Z", "id": "<id>", "name": "<value>", "slug": "<value>", "sso_activated": false, "telemetry_disabled": false, "updated_at": "2025-11-29T01:50:48.954Z"}
        4XX:
          application/json: {"message": "<value>", "status_code": 458049}
  getOrganizations:
    speakeasy-default-get-organizations:
      responses:
        2XX:
          application/json: [{"account_type": "free", "created_at": "2024-10-17T22:25:06.537Z", "id": "<id>", "name": "<value>", "slug": "<value>", "sso_activated": false, "telemetry_disabled": true, "updated_at": "2024-05-22T13:01:16.115Z"}, {"account_type": "business", "created_at": "2023-03-09T16:25:53.264Z", "id": "<id>", "name": "<value>", "slug": "<value>", "sso_activated": false, "telemetry_disabled": false, "updated_at": "2023-06-16T08:07:08.454Z"}]
        4XX:
          application/json: {"message": "<value>", "status_code": 217828}
  getOrganizationUsage:
    speakeasy-default-get-organization-usage:
      responses:
        2XX:
          application/json: {"allowed_languages": [], "total_allowed_languages": 863126, "usage": [{"accessible": false, "accessible_features": ["<value>"], "gen_lock_ids": ["<value>", "<value>", "<value>"], "language": "<value>", "max_operations": 939867, "number_of_operations": 881790, "used_features": ["<value>"], "workspaces": ["<value>", "<value>"]}, {"accessible": true, "accessible_features": ["<value>", "<value>", "<value>"], "gen_lock_ids": ["<value>"], "language": "<value>", "max_operations": 593645, "number_of_operations": 369818, "used_features": ["<value>"], "workspaces": []}]}
        4XX:
          application/json: {"message": "<value>", "status_code": 804495}
  getChangesReportSignedUrl:
    speakeasy-default-get-changes-report-signed-url:
      parameters:
        path:
          documentChecksum: "<value>"
      responses:
        2XX:
          application/json: {"url": "https://rosy-masterpiece.biz/"}
  getLintingReportSignedUrl:
    speakeasy-default-get-linting-report-signed-url:
      parameters:
        path:
          documentChecksum: "<value>"
      responses:
        2XX:
          application/json: {"url": "https://negligible-merit.info"}
  uploadReport:
    speakeasy-default-upload-report:
      requestBody:
        multipart/form-data: {"data": {}, "file": {"": "example.file"}}
      responses:
        2XX:
          application/json: {"url": "https://everlasting-hexagon.info"}
  create:
    speakeasy-default-create:
      requestBody:
        application/json: {"url": "https://probable-heating.com/"}
      responses:
        2XX:
          application/json: {"full_url": "https://standard-utilization.com/", "short_url": "https://brisk-seafood.net/"}
  activateSubscriptionNamespace:
    speakeasy-default-activate-subscription-namespace:
      parameters:
        path:
          subscriptionID: "<id>"
          namespaceName: "<value>"
      responses:
        4XX:
          application/json: {"message": "<value>", "status_code": 566510}
  ignoreSubscriptionNamespace:
    speakeasy-default-ignore-subscription-namespace:
      parameters:
        path:
          subscriptionID: "<id>"
          namespaceName: "<value>"
      responses:
        4XX:
          application/json: {"message": "<value>", "status_code": 844164}
  suggest:
    speakeasy-default-suggest:
      parameters:
        header:
          x-session-id: "<id>"
      requestBody:
        application/json: {"diagnostics": [{"message": "<value>", "path": ["/opt/include", "/opt/share"], "type": "<value>"}, {"message": "<value>", "path": [], "type": "<value>"}], "oas_summary": {"info": {"description": "amid traffic the unfortunately underneath what father lovely out", "license": {}, "summary": "<value>", "title": "<value>", "version": "<value>"}, "operations": [{"description": "times dull than except", "method": "<value>", "operation_id": "<id>", "path": "/mnt", "tags": ["<value>", "<value>"]}]}, "suggestion_type": "diagnostics-only"}
      responses:
        2XX:
          application/json: "0x5e221847Cc"
  suggestItems:
    speakeasy-default-suggest-items:
      requestBody:
        application/json: {"items": [], "prompt": "<value>"}
      responses:
        2XX:
          application/json: ["<value>", "<value>"]
  suggestOpenAPI:
    speakeasy-default-suggest-open-API:
      parameters:
        header:
          x-session-id: "<id>"
      requestBody:
        multipart/form-data: {"schema": {"": "example.file"}}
      responses:
        2XX:
          application/json: "0x5F8Df5AB67"
  suggestOpenAPIRegistry:
    speakeasy-default-suggest-open-API-registry:
      parameters:
        path:
          namespace_name: "<value>"
          revision_reference: "<value>"
        header:
          x-session-id: "<id>"
      responses:
        2XX:
          application/json: "0x9DDBdD905F"
  createWorkspace:
    speakeasy-default-create-workspace:
      requestBody:
        application/json: {"created_at": "2024-06-17T07:14:55.338Z", "id": "<id>", "name": "<value>", "organization_id": "<id>", "slug": "<value>", "updated_at": "2024-11-30T17:06:07.804Z", "verified": true}
      responses:
        2XX:
          application/json: {"created_at": "2023-05-28T06:20:22.766Z", "id": "<id>", "name": "<value>", "organization_id": "<id>", "slug": "<value>", "updated_at": "2023-03-17T15:39:20.911Z", "verified": false}
        4XX:
          application/json: {"message": "<value>", "status_code": 951062}
  createWorkspaceToken:
    speakeasy-default-create-workspace-token:
      parameters:
        path:
          workspace_id: "<id>"
      requestBody:
        application/json: {"alg": "<value>", "created_at": "2023-08-16T02:33:00.784Z", "id": "<id>", "key": "<key>", "name": "<value>", "workspace_id": "<id>"}
      responses:
        4XX:
          application/json: {"message": "<value>", "status_code": 966454}
  deleteWorkspaceToken:
    speakeasy-default-delete-workspace-token:
      parameters:
        path:
          workspace_id: "<id>"
          tokenID: "<id>"
      responses:
        4XX:
          application/json: {"message": "<value>", "status_code": 120260}
  getWorkspaceByContext:
    speakeasy-default-get-workspace-by-context:
      responses:
        2XX:
          application/json: {"organization": {"account_type": "business", "created_at": "2024-09-04T11:33:52.011Z", "id": "<id>", "name": "<value>", "slug": "<value>", "sso_activated": false, "telemetry_disabled": false, "updated_at": "2025-11-29T01:50:48.954Z"}, "workspace": {"created_at": "2024-05-17T00:32:02.244Z", "id": "<id>", "name": "<value>", "organization_id": "<id>", "slug": "<value>", "updated_at": "2024-05-09T02:28:23.533Z", "verified": true}}
        4XX:
          application/json: {"message": "<value>", "status_code": 213457}
  getWorkspaces:
    speakeasy-default-get-workspaces:
      responses:
        2XX:
          application/json: [{"created_at": "2023-03-06T21:36:22.528Z", "id": "<id>", "name": "<value>", "organization_id": "<id>", "slug": "<value>", "updated_at": "2024-10-17T22:25:06.537Z", "verified": false}, {"created_at": "2023-01-18T20:59:19.735Z", "id": "<id>", "name": "<value>", "organization_id": "<id>", "slug": "<value>", "updated_at": "2024-05-22T13:01:16.115Z", "verified": false}]
        4XX:
          application/json: {"message": "<value>", "status_code": 61756}
  getWorkspace:
    speakeasy-default-get-workspace:
      parameters:
        path:
          workspace_id: "<id>"
      responses:
        2XX:
          application/json: {"created_at": "2025-11-17T10:14:22.985Z", "id": "<id>", "name": "<value>", "organization_id": "<id>", "slug": "<value>", "updated_at": "2025-07-28T15:04:25.117Z", "verified": false}
        4XX:
          application/json: {"message": "<value>", "status_code": 868924}
  getWorkspaceFeatureFlags:
    speakeasy-default-get-workspace-feature-flags:
      parameters:
        path:
          workspace_id: "<id>"
      responses:
        "200":
          application/json: {}
        5XX:
          application/json: {"message": "<value>", "status_code": 104495}
  getWorkspaceSettings:
    speakeasy-default-get-workspace-settings:
      parameters:
        path:
          workspace_id: "<id>"
      responses:
        2XX:
          application/json: {"created_at": "2025-05-29T22:34:47.605Z", "updated_at": "2024-02-24T21:50:01.663Z", "webhook_url": "https://different-amendment.com/", "workspace_id": "<id>"}
        4XX:
          application/json: {"message": "<value>", "status_code": 864485}
  getWorkspaceTeam:
    speakeasy-default-get-workspace-team:
      parameters:
        path:
          workspace_id: "<id>"
      responses:
        2XX:
          application/json: {"users": []}
        4XX:
          application/json: {"message": "<value>", "status_code": 194974}
  getWorkspaceTokens:
    speakeasy-default-get-workspace-tokens:
      parameters:
        path:
          workspace_id: "<id>"
      responses:
        2XX:
          application/json: [{"alg": "<value>", "created_at": "2024-06-30T03:05:24.969Z", "id": "<id>", "key": "<key>", "name": "<value>", "workspace_id": "<id>"}, {"alg": "<value>", "created_at": "2024-11-09T11:33:52.654Z", "id": "<id>", "key": "<key>", "name": "<value>", "workspace_id": "<id>"}, {"alg": "<value>", "created_at": "2024-11-05T09:03:46.133Z", "id": "<id>", "key": "<key>", "name": "<value>", "workspace_id": "<id>"}]
        4XX:
          application/json: {"message": "<value>", "status_code": 858647}
  grantUserAccessToWorkspace:
    speakeasy-default-grant-user-access-to-workspace:
      parameters:
        path:
          workspace_id: "<id>"
          email: "Lucinda.Batz8@hotmail.com"
      responses:
        "200":
          application/json: {"relationship": {"user_id": "<id>", "workspace_id": "<id>"}}
        4XX:
          application/json: {"message": "<value>", "status_code": 621540}
  revokeUserAccessToWorkspace:
    speakeasy-default-revoke-user-access-to-workspace:
      parameters:
        path:
          workspace_id: "<id>"
          userId: "<id>"
      responses:
        4XX:
          application/json: {"message": "<value>", "status_code": 243814}
  setWorkspaceFeatureFlags:
    speakeasy-default-set-workspace-feature-flags:
      requestBody:
        application/json: {"feature_flags": ["skip_schema_registry", "webhooks"]}
      responses:
        "200":
          application/json: {}
        5XX:
          application/json: {"message": "<value>", "status_code": 264889}
  updateWorkspaceDetails:
    speakeasy-default-update-workspace-details:
      parameters:
        path:
          workspace_id: "<id>"
      requestBody:
        application/json: {"created_at": "2025-07-28T19:04:48.565Z", "id": "<id>", "name": "<value>", "organization_id": "<id>", "slug": "<value>", "updated_at": "2024-10-16T10:52:42.015Z", "verified": true}
      responses:
        4XX:
          application/json: {"message": "<value>", "status_code": 991464}
  updateWorkspaceSettings:
    speakeasy-default-update-workspace-settings:
      parameters:
        path:
          workspace_id: "<id>"
      requestBody:
        application/json: {"created_at": "2023-07-05T11:43:28.305Z", "updated_at": "2024-05-14T05:39:21.874Z", "webhook_url": "https://grown-pharmacopoeia.net", "workspace_id": "<id>"}
      responses:
        4XX:
          application/json: {"message": "<value>", "status_code": 54657}
  getWorkspaceEventsByTarget:
    speakeasy-default-get-workspace-events-by-target:
      parameters:
        path:
          workspace_id: "<id>"
          target_id: "<id>"
        query: {}
      responses:
        "200":
          application/json: [{"created_at": "2023-11-22T11:46:52.430Z", "execution_id": "<id>", "id": "<id>", "interaction_type": "AUTHENTICATE", "local_started_at": "2023-09-25T12:14:43.566Z", "speakeasy_api_key_name": "<value>", "speakeasy_version": "<value>", "success": true, "workspace_id": "<id>"}]
        5XX:
          application/json: {"message": "<value>", "status_code": 858330}
  getWorkspaceTargets:
    speakeasy-default-get-workspace-targets:
      responses:
        "200":
          application/json: [{"generate_gen_lock_id": "<id>", "generate_target": "<value>", "id": "<id>", "last_event_created_at": "2025-12-14T05:15:52.449Z", "last_event_id": "<id>", "last_event_interaction_type": "TARGET_GENERATE"}, {"generate_gen_lock_id": "<id>", "generate_target": "<value>", "id": "<id>", "last_event_created_at": "2023-05-31T08:33:28.499Z", "last_event_id": "<id>", "last_event_interaction_type": "CLI_EXEC"}]
        5XX:
          application/json: {"message": "<value>", "status_code": 801192}
  getWorkspaceTargetsDeprecated:
    speakeasy-default-get-workspace-targets-deprecated:
      parameters:
        path:
          workspace_id: "<id>"
        query: {}
      responses:
        "200":
          application/json: [{"generate_gen_lock_id": "<id>", "generate_target": "<value>", "id": "<id>", "last_event_created_at": "2023-10-08T11:47:38.510Z", "last_event_id": "<id>", "last_event_interaction_type": "TOMBSTONE"}]
        5XX:
          application/json: {"message": "<value>", "status_code": 264673}
  postWorkspaceEvents:
    speakeasy-default-post-workspace-events:
      parameters:
        path:
          workspace_id: "<id>"
      requestBody:
        application/json: [{"created_at": "2025-03-02T10:07:28.113Z", "execution_id": "<id>", "id": "<id>", "interaction_type": "AUTHENTICATE", "local_started_at": "2025-08-12T17:54:17.538Z", "speakeasy_api_key_name": "<value>", "speakeasy_version": "<value>", "success": true, "workspace_id": "<id>"}]
      responses:
        5XX:
          application/json: {"message": "<value>", "status_code": 630719}
  searchWorkspaceEvents:
    speakeasy-default-search-workspace-events:
      parameters:
        path:
          workspace_id: "<id>"
        query: {}
      responses:
        "200":
          application/json: [{"created_at": "2024-01-24T23:49:11.608Z", "execution_id": "<id>", "id": "<id>", "interaction_type": "LINT", "local_started_at": "2023-03-09T07:00:10.489Z", "speakeasy_api_key_name": "<value>", "speakeasy_version": "<value>", "success": true, "workspace_id": "<id>"}]
        5XX:
          application/json: {"message": "<value>", "status_code": 238575}
examplesVersion: 1.0.0
generatedTests: {}
