lockVersion: 2.0.0
id: db1bb4da-054f-485f-8c6e-d42db3f1da90
management:
  docChecksum: 8a861fbcf601580459816dcab1973d85
  docVersion: 0.4.0 .
  speakeasyVersion: 1.296.1
  generationVersion: 2.338.1
  releaseVersion: 0.38.4
  configChecksum: 7c57ac29bab2d35d2a6bacbaaa6d690b
  repoURL: https://github.com/speakeasy-api/speakeasy-client-sdk-php.git
  repoSubDirectory: .
  installationURL: https://github.com/speakeasy-api/speakeasy-client-sdk-php
  published: true
features:
  php:
    core: 3.3.4
    deprecations: 2.81.1
    examples: 2.81.3
    globalSecurity: 2.81.6
    globalServerURLs: 2.82.1
    globals: 2.82.1
    inputOutputModels: 2.83.0
    serverIDs: 2.81.1
generatedFiles:
  - src/SDKConfiguration.php
  - src/Apis.php
  - src/ApiEndpoints.php
  - src/Metadata.php
  - src/Schemas.php
  - src/Artifacts.php
  - src/Auth.php
  - src/Requests.php
  - src/Github.php
  - src/Organizations.php
  - src/Reports.php
  - src/Suggest.php
  - src/Embeds.php
  - src/Events.php
  - src/SDK.php
  - src/SDKBuilder.php
  - composer.json
  - phpstan.neon
  - pint.json
  - rector.php
  - src/Utils/EnumHandler.php
  - src/Utils/FormMetadata.php
  - src/Utils/Headers.php
  - src/Utils/JSON.php
  - src/Utils/MixedJSONHandler.php
  - src/Utils/MultipartMetadata.php
  - src/Utils/ParamsMetadata.php
  - src/Utils/PathParameters.php
  - src/Utils/QueryParameters.php
  - src/Utils/RequestBodies.php
  - src/Utils/RequestMetadata.php
  - src/Utils/Security.php
  - src/Utils/SecurityClient.php
  - src/Utils/SecurityMetadata.php
  - src/Utils/SpeakeasyMetadata.php
  - src/Utils/Utils.php
  - src/Models/Operations/DeleteApiRequest.php
  - src/Models/Operations/DeleteApiResponse.php
  - src/Models/Operations/GenerateOpenApiSpecRequest.php
  - src/Models/Operations/GenerateOpenApiSpecResponse.php
  - src/Models/Operations/GeneratePostmanCollectionRequest.php
  - src/Models/Operations/GeneratePostmanCollectionResponse.php
  - src/Models/Operations/Op.php
  - src/Models/Operations/GetAllApiVersionsRequest.php
  - src/Models/Operations/GetAllApiVersionsResponse.php
  - src/Models/Operations/QueryParamOp.php
  - src/Models/Operations/GetApisRequest.php
  - src/Models/Operations/GetApisResponse.php
  - src/Models/Operations/UpsertApiRequest.php
  - src/Models/Operations/UpsertApiResponse.php
  - src/Models/Operations/DeleteApiEndpointRequest.php
  - src/Models/Operations/DeleteApiEndpointResponse.php
  - src/Models/Operations/FindApiEndpointRequest.php
  - src/Models/Operations/FindApiEndpointResponse.php
  - src/Models/Operations/GenerateOpenApiSpecForApiEndpointRequest.php
  - src/Models/Operations/GenerateOpenApiSpecForApiEndpointResponse.php
  - src/Models/Operations/GeneratePostmanCollectionForApiEndpointRequest.php
  - src/Models/Operations/GeneratePostmanCollectionForApiEndpointResponse.php
  - src/Models/Operations/GetAllApiEndpointsRequest.php
  - src/Models/Operations/GetAllApiEndpointsResponse.php
  - src/Models/Operations/GetAllForVersionApiEndpointsRequest.php
  - src/Models/Operations/GetAllForVersionApiEndpointsResponse.php
  - src/Models/Operations/GetApiEndpointRequest.php
  - src/Models/Operations/GetApiEndpointResponse.php
  - src/Models/Operations/UpsertApiEndpointRequest.php
  - src/Models/Operations/UpsertApiEndpointResponse.php
  - src/Models/Operations/DeleteVersionMetadataRequest.php
  - src/Models/Operations/DeleteVersionMetadataResponse.php
  - src/Models/Operations/GetVersionMetadataRequest.php
  - src/Models/Operations/GetVersionMetadataResponse.php
  - src/Models/Operations/InsertVersionMetadataRequest.php
  - src/Models/Operations/InsertVersionMetadataResponse.php
  - src/Models/Operations/DeleteSchemaRequest.php
  - src/Models/Operations/DeleteSchemaResponse.php
  - src/Models/Operations/DownloadSchemaRequest.php
  - src/Models/Operations/DownloadSchemaResponse.php
  - src/Models/Operations/DownloadSchemaRevisionRequest.php
  - src/Models/Operations/DownloadSchemaRevisionResponse.php
  - src/Models/Operations/GetSchemaRequest.php
  - src/Models/Operations/GetSchemaResponse.php
  - src/Models/Operations/GetSchemaDiffRequest.php
  - src/Models/Operations/GetSchemaDiffResponse.php
  - src/Models/Operations/GetSchemaRevisionRequest.php
  - src/Models/Operations/GetSchemaRevisionResponse.php
  - src/Models/Operations/GetSchemasRequest.php
  - src/Models/Operations/GetSchemasResponse.php
  - src/Models/Operations/RegisterSchemaFile.php
  - src/Models/Operations/RegisterSchemaRequestBody.php
  - src/Models/Operations/RegisterSchemaRequest.php
  - src/Models/Operations/RegisterSchemaResponse.php
  - src/Models/Operations/GetBlobRequest.php
  - src/Models/Operations/GetBlobResponse.php
  - src/Models/Operations/GetManifestRequest.php
  - src/Models/Operations/GetManifestResponse.php
  - src/Models/Operations/GetNamespacesResponse.php
  - src/Models/Operations/GetRevisionsRequest.php
  - src/Models/Operations/GetRevisionsResponse.php
  - src/Models/Operations/GetTagsRequest.php
  - src/Models/Operations/GetTagsResponse.php
  - src/Models/Operations/PostTagsRequest.php
  - src/Models/Operations/PostTagsResponse.php
  - src/Models/Operations/PreflightResponse.php
  - src/Models/Operations/GetAccessTokenRequest.php
  - src/Models/Operations/GetAccessTokenResponse.php
  - src/Models/Operations/GetUserResponse.php
  - src/Models/Operations/GetWorkspaceAccessRequest.php
  - src/Models/Operations/GetWorkspaceAccessResponse.php
  - src/Models/Operations/ValidateApiKeyResponse.php
  - src/Models/Operations/GenerateRequestPostmanCollectionRequest.php
  - src/Models/Operations/GenerateRequestPostmanCollectionResponse.php
  - src/Models/Operations/GetRequestFromEventLogRequest.php
  - src/Models/Operations/GetRequestFromEventLogResponse.php
  - src/Models/Operations/QueryEventLogRequest.php
  - src/Models/Operations/QueryEventLogResponse.php
  - src/Models/Operations/GithubCheckAccessRequest.php
  - src/Models/Operations/GithubCheckAccessResponse.php
  - src/Models/Operations/GithubConfigureTargetResponse.php
  - src/Models/Operations/GithubTriggerActionResponse.php
  - src/Models/Operations/CreateFreeTrialResponse.php
  - src/Models/Operations/GetOrganizationUsageResponse.php
  - src/Models/Operations/GetOrganizationsResponse.php
  - src/Models/Operations/GetChangesReportSignedUrlRequest.php
  - src/Models/Operations/GetChangesReportSignedUrlSignedAccess.php
  - src/Models/Operations/GetChangesReportSignedUrlResponse.php
  - src/Models/Operations/GetLintingReportSignedUrlRequest.php
  - src/Models/Operations/GetLintingReportSignedUrlSignedAccess.php
  - src/Models/Operations/GetLintingReportSignedUrlResponse.php
  - src/Models/Operations/File.php
  - src/Models/Operations/UploadReportRequestBody.php
  - src/Models/Operations/UploadReportUploadedReport.php
  - src/Models/Operations/UploadReportResponse.php
  - src/Models/Operations/DepthStyle.php
  - src/Models/Operations/Style.php
  - src/Models/Operations/Opts.php
  - src/Models/Operations/Schema.php
  - src/Models/Operations/SuggestOperationIDsRequestBody.php
  - src/Models/Operations/SuggestOperationIDsSuggestion.php
  - src/Models/Operations/SuggestOperationIDsResponse.php
  - src/Models/Operations/GetEmbedAccessTokenRequest.php
  - src/Models/Operations/GetEmbedAccessTokenResponse.php
  - src/Models/Operations/GetValidEmbedAccessTokensResponse.php
  - src/Models/Operations/RevokeEmbedAccessTokenRequest.php
  - src/Models/Operations/RevokeEmbedAccessTokenResponse.php
  - src/Models/Operations/GetWorkspaceEventsByTargetRequest.php
  - src/Models/Operations/GetWorkspaceEventsByTargetResponse.php
  - src/Models/Operations/GetWorkspaceTargetsRequest.php
  - src/Models/Operations/GetWorkspaceTargetsResponse.php
  - src/Models/Operations/PostWorkspaceEventsRequest.php
  - src/Models/Operations/PostWorkspaceEventsResponse.php
  - src/Models/Operations/SearchWorkspaceEventsRequest.php
  - src/Models/Operations/SearchWorkspaceEventsResponse.php
  - src/Models/Shared/Error.php
  - src/Models/Shared/GenerateOpenApiSpecDiff.php
  - src/Models/Shared/Api.php
  - src/Models/Shared/ApiInput.php
  - src/Models/Shared/ApiEndpoint.php
  - src/Models/Shared/ApiEndpointInput.php
  - src/Models/Shared/VersionMetadata.php
  - src/Models/Shared/VersionMetadataInput.php
  - src/Models/Shared/Schema.php
  - src/Models/Shared/ValueChange.php
  - src/Models/Shared/SchemaDiff.php
  - src/Models/Shared/Manifest.php
  - src/Models/Shared/V2Descriptor.php
  - src/Models/Shared/Annotations.php
  - src/Models/Shared/GetNamespacesResponse.php
  - src/Models/Shared/NamespaceT.php
  - src/Models/Shared/GetRevisionsResponse.php
  - src/Models/Shared/Revision.php
  - src/Models/Shared/GetTagsResponse.php
  - src/Models/Shared/Tag.php
  - src/Models/Shared/AddTags.php
  - src/Models/Shared/PreflightToken.php
  - src/Models/Shared/PreflightRequest.php
  - src/Models/Shared/Claims.php
  - src/Models/Shared/AccessTokenUser.php
  - src/Models/Shared/AccessTokenAccountType.php
  - src/Models/Shared/Workspaces.php
  - src/Models/Shared/AccessToken.php
  - src/Models/Shared/FeatureFlag.php
  - src/Models/Shared/User.php
  - src/Models/Shared/Level.php
  - src/Models/Shared/AccessDetails.php
  - src/Models/Shared/AccountType.php
  - src/Models/Shared/ApiKeyDetails.php
  - src/Models/Shared/UnboundedRequest.php
  - src/Models/Shared/BoundedRequest.php
  - src/Models/Shared/RequestMetadata.php
  - src/Models/Shared/Filters.php
  - src/Models/Shared/Filter.php
  - src/Models/Shared/GithubConfigureTargetRequest.php
  - src/Models/Shared/GithubTriggerActionRequest.php
  - src/Models/Shared/OrganizationUsageResponse.php
  - src/Models/Shared/OrganizationUsage.php
  - src/Models/Shared/OrganizationAccountType.php
  - src/Models/Shared/Organization.php
  - src/Models/Shared/Type.php
  - src/Models/Shared/Report.php
  - src/Models/Shared/EmbedAccessTokenResponse.php
  - src/Models/Shared/EmbedToken.php
  - src/Models/Shared/GenerateBumpType.php
  - src/Models/Shared/OpenapiDiffBumpType.php
  - src/Models/Shared/CliEvent.php
  - src/Models/Shared/InteractionType.php
  - src/Models/Shared/TargetSDK.php
  - src/Models/Shared/Security.php
  - docs/Models/Operations/DeleteApiRequest.md
  - docs/Models/Operations/DeleteApiResponse.md
  - docs/Models/Operations/GenerateOpenApiSpecRequest.md
  - docs/Models/Operations/GenerateOpenApiSpecResponse.md
  - docs/Models/Operations/GeneratePostmanCollectionRequest.md
  - docs/Models/Operations/GeneratePostmanCollectionResponse.md
  - docs/Models/Operations/Op.md
  - docs/Models/Operations/GetAllApiVersionsRequest.md
  - docs/Models/Operations/GetAllApiVersionsResponse.md
  - docs/Models/Operations/QueryParamOp.md
  - docs/Models/Operations/GetApisRequest.md
  - docs/Models/Operations/GetApisResponse.md
  - docs/Models/Operations/UpsertApiRequest.md
  - docs/Models/Operations/UpsertApiResponse.md
  - docs/Models/Operations/DeleteApiEndpointRequest.md
  - docs/Models/Operations/DeleteApiEndpointResponse.md
  - docs/Models/Operations/FindApiEndpointRequest.md
  - docs/Models/Operations/FindApiEndpointResponse.md
  - docs/Models/Operations/GenerateOpenApiSpecForApiEndpointRequest.md
  - docs/Models/Operations/GenerateOpenApiSpecForApiEndpointResponse.md
  - docs/Models/Operations/GeneratePostmanCollectionForApiEndpointRequest.md
  - docs/Models/Operations/GeneratePostmanCollectionForApiEndpointResponse.md
  - docs/Models/Operations/GetAllApiEndpointsRequest.md
  - docs/Models/Operations/GetAllApiEndpointsResponse.md
  - docs/Models/Operations/GetAllForVersionApiEndpointsRequest.md
  - docs/Models/Operations/GetAllForVersionApiEndpointsResponse.md
  - docs/Models/Operations/GetApiEndpointRequest.md
  - docs/Models/Operations/GetApiEndpointResponse.md
  - docs/Models/Operations/UpsertApiEndpointRequest.md
  - docs/Models/Operations/UpsertApiEndpointResponse.md
  - docs/Models/Operations/DeleteVersionMetadataRequest.md
  - docs/Models/Operations/DeleteVersionMetadataResponse.md
  - docs/Models/Operations/GetVersionMetadataRequest.md
  - docs/Models/Operations/GetVersionMetadataResponse.md
  - docs/Models/Operations/InsertVersionMetadataRequest.md
  - docs/Models/Operations/InsertVersionMetadataResponse.md
  - docs/Models/Operations/DeleteSchemaRequest.md
  - docs/Models/Operations/DeleteSchemaResponse.md
  - docs/Models/Operations/DownloadSchemaRequest.md
  - docs/Models/Operations/DownloadSchemaResponse.md
  - docs/Models/Operations/DownloadSchemaRevisionRequest.md
  - docs/Models/Operations/DownloadSchemaRevisionResponse.md
  - docs/Models/Operations/GetSchemaRequest.md
  - docs/Models/Operations/GetSchemaResponse.md
  - docs/Models/Operations/GetSchemaDiffRequest.md
  - docs/Models/Operations/GetSchemaDiffResponse.md
  - docs/Models/Operations/GetSchemaRevisionRequest.md
  - docs/Models/Operations/GetSchemaRevisionResponse.md
  - docs/Models/Operations/GetSchemasRequest.md
  - docs/Models/Operations/GetSchemasResponse.md
  - docs/Models/Operations/RegisterSchemaFile.md
  - docs/Models/Operations/RegisterSchemaRequestBody.md
  - docs/Models/Operations/RegisterSchemaRequest.md
  - docs/Models/Operations/RegisterSchemaResponse.md
  - docs/Models/Operations/GetBlobRequest.md
  - docs/Models/Operations/GetBlobResponse.md
  - docs/Models/Operations/GetManifestRequest.md
  - docs/Models/Operations/GetManifestResponse.md
  - docs/Models/Operations/GetNamespacesResponse.md
  - docs/Models/Operations/GetRevisionsRequest.md
  - docs/Models/Operations/GetRevisionsResponse.md
  - docs/Models/Operations/GetTagsRequest.md
  - docs/Models/Operations/GetTagsResponse.md
  - docs/Models/Operations/PostTagsRequest.md
  - docs/Models/Operations/PostTagsResponse.md
  - docs/Models/Operations/PreflightResponse.md
  - docs/Models/Operations/GetAccessTokenRequest.md
  - docs/Models/Operations/GetAccessTokenResponse.md
  - docs/Models/Operations/GetUserResponse.md
  - docs/Models/Operations/GetWorkspaceAccessRequest.md
  - docs/Models/Operations/GetWorkspaceAccessResponse.md
  - docs/Models/Operations/ValidateApiKeyResponse.md
  - docs/Models/Operations/GenerateRequestPostmanCollectionRequest.md
  - docs/Models/Operations/GenerateRequestPostmanCollectionResponse.md
  - docs/Models/Operations/GetRequestFromEventLogRequest.md
  - docs/Models/Operations/GetRequestFromEventLogResponse.md
  - docs/Models/Operations/QueryEventLogRequest.md
  - docs/Models/Operations/QueryEventLogResponse.md
  - docs/Models/Operations/GithubCheckAccessRequest.md
  - docs/Models/Operations/GithubCheckAccessResponse.md
  - docs/Models/Operations/GithubConfigureTargetResponse.md
  - docs/Models/Operations/GithubTriggerActionResponse.md
  - docs/Models/Operations/CreateFreeTrialResponse.md
  - docs/Models/Operations/GetOrganizationUsageResponse.md
  - docs/Models/Operations/GetOrganizationsResponse.md
  - docs/Models/Operations/GetChangesReportSignedUrlRequest.md
  - docs/Models/Operations/GetChangesReportSignedUrlSignedAccess.md
  - docs/Models/Operations/GetChangesReportSignedUrlResponse.md
  - docs/Models/Operations/GetLintingReportSignedUrlRequest.md
  - docs/Models/Operations/GetLintingReportSignedUrlSignedAccess.md
  - docs/Models/Operations/GetLintingReportSignedUrlResponse.md
  - docs/Models/Operations/File.md
  - docs/Models/Operations/UploadReportRequestBody.md
  - docs/Models/Operations/UploadReportUploadedReport.md
  - docs/Models/Operations/UploadReportResponse.md
  - docs/Models/Operations/DepthStyle.md
  - docs/Models/Operations/Style.md
  - docs/Models/Operations/Opts.md
  - docs/Models/Operations/Schema.md
  - docs/Models/Operations/SuggestOperationIDsRequestBody.md
  - docs/Models/Operations/SuggestOperationIDsSuggestion.md
  - docs/Models/Operations/SuggestOperationIDsResponse.md
  - docs/Models/Operations/GetEmbedAccessTokenRequest.md
  - docs/Models/Operations/GetEmbedAccessTokenResponse.md
  - docs/Models/Operations/GetValidEmbedAccessTokensResponse.md
  - docs/Models/Operations/RevokeEmbedAccessTokenRequest.md
  - docs/Models/Operations/RevokeEmbedAccessTokenResponse.md
  - docs/Models/Operations/GetWorkspaceEventsByTargetRequest.md
  - docs/Models/Operations/GetWorkspaceEventsByTargetResponse.md
  - docs/Models/Operations/GetWorkspaceTargetsRequest.md
  - docs/Models/Operations/GetWorkspaceTargetsResponse.md
  - docs/Models/Operations/PostWorkspaceEventsRequest.md
  - docs/Models/Operations/PostWorkspaceEventsResponse.md
  - docs/Models/Operations/SearchWorkspaceEventsRequest.md
  - docs/Models/Operations/SearchWorkspaceEventsResponse.md
  - docs/Models/Shared/Error.md
  - docs/Models/Shared/GenerateOpenApiSpecDiff.md
  - docs/Models/Shared/Api.md
  - docs/Models/Shared/ApiInput.md
  - docs/Models/Shared/ApiEndpoint.md
  - docs/Models/Shared/ApiEndpointInput.md
  - docs/Models/Shared/VersionMetadata.md
  - docs/Models/Shared/VersionMetadataInput.md
  - docs/Models/Shared/Schema.md
  - docs/Models/Shared/ValueChange.md
  - docs/Models/Shared/SchemaDiff.md
  - docs/Models/Shared/Manifest.md
  - docs/Models/Shared/V2Descriptor.md
  - docs/Models/Shared/Annotations.md
  - docs/Models/Shared/GetNamespacesResponse.md
  - docs/Models/Shared/NamespaceT.md
  - docs/Models/Shared/GetRevisionsResponse.md
  - docs/Models/Shared/Revision.md
  - docs/Models/Shared/GetTagsResponse.md
  - docs/Models/Shared/Tag.md
  - docs/Models/Shared/AddTags.md
  - docs/Models/Shared/PreflightToken.md
  - docs/Models/Shared/PreflightRequest.md
  - docs/Models/Shared/Claims.md
  - docs/Models/Shared/AccessTokenUser.md
  - docs/Models/Shared/AccessTokenAccountType.md
  - docs/Models/Shared/Workspaces.md
  - docs/Models/Shared/AccessToken.md
  - docs/Models/Shared/FeatureFlag.md
  - docs/Models/Shared/User.md
  - docs/Models/Shared/Level.md
  - docs/Models/Shared/AccessDetails.md
  - docs/Models/Shared/AccountType.md
  - docs/Models/Shared/ApiKeyDetails.md
  - docs/Models/Shared/UnboundedRequest.md
  - docs/Models/Shared/BoundedRequest.md
  - docs/Models/Shared/RequestMetadata.md
  - docs/Models/Shared/Filters.md
  - docs/Models/Shared/Filter.md
  - docs/Models/Shared/GithubConfigureTargetRequest.md
  - docs/Models/Shared/GithubTriggerActionRequest.md
  - docs/Models/Shared/OrganizationUsageResponse.md
  - docs/Models/Shared/OrganizationUsage.md
  - docs/Models/Shared/OrganizationAccountType.md
  - docs/Models/Shared/Organization.md
  - docs/Models/Shared/Type.md
  - docs/Models/Shared/Report.md
  - docs/Models/Shared/EmbedAccessTokenResponse.md
  - docs/Models/Shared/EmbedToken.md
  - docs/Models/Shared/GenerateBumpType.md
  - docs/Models/Shared/OpenapiDiffBumpType.md
  - docs/Models/Shared/CliEvent.md
  - docs/Models/Shared/InteractionType.md
  - docs/Models/Shared/TargetSDK.md
  - docs/Models/Shared/Security.md
  - docs/sdks/sdk/README.md
  - docs/sdks/apis/README.md
  - docs/sdks/apiendpoints/README.md
  - docs/sdks/metadata/README.md
  - docs/sdks/schemas/README.md
  - docs/sdks/artifacts/README.md
  - docs/sdks/auth/README.md
  - docs/sdks/requests/README.md
  - docs/sdks/github/README.md
  - docs/sdks/organizations/README.md
  - docs/sdks/reports/README.md
  - docs/sdks/suggest/README.md
  - docs/sdks/embeds/README.md
  - docs/sdks/events/README.md
  - USAGE.md
  - .gitattributes
