speakeasyVersion: 1.454.0
sources:
    my-source:
        sourceNamespace: my-source
        sourceRevisionDigest: sha256:310b96e972b58732a907958ea7cb8cdbcbd4a945a1fc70f653d903afa982ab4f
        sourceBlobDigest: sha256:57b066b6505966df2aab772bec5bd33880a1a448bb68083b0a10cb6a5113edd5
        tags:
            - latest
            - speakeasy-sdk-regen-1733962630
            - 0.4.0
targets:
    php-target:
        source: my-source
        sourceNamespace: my-source
        sourceRevisionDigest: sha256:310b96e972b58732a907958ea7cb8cdbcbd4a945a1fc70f653d903afa982ab4f
        sourceBlobDigest: sha256:57b066b6505966df2aab772bec5bd33880a1a448bb68083b0a10cb6a5113edd5
        codeSamplesNamespace: my-source-php-code-samples
        codeSamplesRevisionDigest: sha256:7eddbb66641d6df0c824feb0fbd940c40085422a375ad429c5e01fd71560b1fd
workflow:
    workflowVersion: 1.0.0
    speakeasyVersion: latest
    sources:
        my-source:
            inputs:
                - location: https://www.speakeasy.com/openapi.yaml
            registry:
                location: registry.speakeasyapi.dev/speakeasy-self/speakeasy-self/my-source
    targets:
        php-target:
            target: php
            source: my-source
            publish:
                packagist:
                    username: $PACKAGIST_USERNAME
                    token: $PACKAGIST_TOKEN
            codeSamples:
                registry:
                    location: registry.speakeasyapi.dev/speakeasy-self/speakeasy-self/my-source-php-code-samples
                blocking: false
