speakeasyVersion: 1.419.0
sources:
    my-source:
        sourceNamespace: my-source
        sourceRevisionDigest: sha256:54bc0e3c2cc7477501ae22a6be98a51d4458cbdd691ba5de4293f9e2f95d9606
        sourceBlobDigest: sha256:00f3629fa6fe999987b76236f6f3e20c2a2c46f7fff4619a51a330eeda60bb71
        tags:
            - latest
            - main
targets:
    php-target:
        source: my-source
        sourceNamespace: my-source
        sourceRevisionDigest: sha256:54bc0e3c2cc7477501ae22a6be98a51d4458cbdd691ba5de4293f9e2f95d9606
        sourceBlobDigest: sha256:00f3629fa6fe999987b76236f6f3e20c2a2c46f7fff4619a51a330eeda60bb71
workflow:
    workflowVersion: 1.0.0
    speakeasyVersion: latest
    sources:
        my-source:
            inputs:
                - location: https://www.speakeasy.com/openapi.yaml
            registry:
                location: registry.speakeasyapi.dev/speakeasy-self/speakeasy-self/my-source
    targets:
        php-target:
            target: php
            source: my-source
            publish:
                packagist:
                    username: $PACKAGIST_USERNAME
                    token: $PACKAGIST_TOKEN
