speakeasyVersion: 1.440.1
sources:
    my-source:
        sourceNamespace: my-source
        sourceRevisionDigest: sha256:39c76800a32e873a363b2599d9075415587056c9f6f641cf5b837905d6f35912
        sourceBlobDigest: sha256:09ddb2e461603760c80a36a3e80f1e009e34e54d1a45c66c7732fce71d6d14b6
        tags:
            - latest
            - speakeasy-sdk-regen-1731716179
targets:
    php-target:
        source: my-source
        sourceNamespace: my-source
        sourceRevisionDigest: sha256:39c76800a32e873a363b2599d9075415587056c9f6f641cf5b837905d6f35912
        sourceBlobDigest: sha256:09ddb2e461603760c80a36a3e80f1e009e34e54d1a45c66c7732fce71d6d14b6
        codeSamplesNamespace: my-source-code-samples
        codeSamplesRevisionDigest: sha256:2cce0992939f9b38009e4efb28ee5b97e614c34869e7c474fdc481255a03766c
workflow:
    workflowVersion: 1.0.0
    speakeasyVersion: latest
    sources:
        my-source:
            inputs:
                - location: https://www.speakeasy.com/openapi.yaml
            registry:
                location: registry.speakeasyapi.dev/speakeasy-self/speakeasy-self/my-source
    targets:
        php-target:
            target: php
            source: my-source
            publish:
                packagist:
                    username: $PACKAGIST_USERNAME
                    token: $PACKAGIST_TOKEN
            codeSamples:
                registry:
                    location: registry.speakeasyapi.dev/speakeasy-self/speakeasy-self/my-source-code-samples
                blocking: false
